#
# This file is autogenerated by pip-compile with Python 3.14
# by the following command:
#
#    pip-compile --output-file=requirements.lock --strip-extras pyproject.toml
#
cffi==2.0.0
    # via soundfile
numpy==2.4.3
    # via
    #   audiomancer (pyproject.toml)
    #   pedalboard
    #   scipy
    #   soundfile
pedalboard==0.9.22
    # via audiomancer (pyproject.toml)
pycparser==3.0
    # via cffi
pyloudnorm==0.2.0
    # via audiomancer (pyproject.toml)
scipy==1.17.1
    # via audiomancer (pyproject.toml)
soundfile==0.13.1
    # via audiomancer (pyproject.toml)
